
Microsoft Visual Studio Solution File, Format Version 12.00
# Visual Studio Version 17
VisualStudioVersion = 17.6.33815.320
MinimumVisualStudioVersion = 10.0.40219.1
Project("{FAE04EC0-301F-11D3-BF4B-00C04F79EFBC}") = "A10", "A10\A10.csproj", "{A8129D7D-39EF-4DE6-BE0D-2E210DCEFCEE}"
EndProject
Global
	GlobalSection(SolutionConfigurationPlatforms) = preSolution
		Debug|Any CPU = Debug|Any CPU
		Release|Any CPU = Release|Any CPU
	EndGlobalSection
	GlobalSection(ProjectConfigurationPlatforms) = postSolution
		{A8129D7D-39EF-4DE6-BE0D-2E210DCEFCEE}.Debug|Any CPU.ActiveCfg = Debug|Any CPU
		{A8129D7D-39EF-4DE6-BE0D-2E210DCEFCEE}.Debug|Any CPU.Build.0 = Debug|Any CPU
		{A8129D7D-39EF-4DE6-BE0D-2E210DCEFCEE}.Release|Any CPU.ActiveCfg = Release|Any CPU
		{A8129D7D-39EF-4DE6-BE0D-2E210DCEFCEE}.Release|Any CPU.Build.0 = Release|Any CPU
	EndGlobalSection
	GlobalSection(SolutionProperties) = preSolution
		HideSolutionNode = FALSE
	EndGlobalSection
	GlobalSection(ExtensibilityGlobals) = postSolution
		SolutionGuid = {3FEA6569-AD84-4D9E-B8BD-16226E4707AD}
	EndGlobalSection
EndGlobal
